// !$*UTF8*$!
{
	archiveVersion = 1;
	classes = {
	};
	objectVersion = 56;
	objects = {

/* Begin PBXBuildFile section */
		7C1D5E4E2FA7359600E171B4 /* GhostDocInFormal.icon in Resources */ = {isa = PBXBuildFile; fileRef = 7C1D5E4D2FA7359600E171B4 /* GhostDocInFormal.icon */; };
		7C1D5E502FA7392000E171B4 /* MaskID.icon in Resources */ = {isa = PBXBuildFile; fileRef = 7C1D5E4F2FA7392000E171B4 /* MaskID.icon */; };
		A001 /* ShieldApp.swift in Sources */ = {isa = PBXBuildFile; fileRef = F001 /* ShieldApp.swift */; };
		A002 /* ContentView.swift in Sources */ = {isa = PBXBuildFile; fileRef = F002 /* ContentView.swift */; };
		A003 /* ShieldTheme.swift in Sources */ = {isa = PBXBuildFile; fileRef = F003 /* ShieldTheme.swift */; };
		A004 /* Document.swift in Sources */ = {isa = PBXBuildFile; fileRef = F004 /* Document.swift */; };
		A005 /* Redaction.swift in Sources */ = {isa = PBXBuildFile; fileRef = F005 /* Redaction.swift */; };
		A006 /* AppState.swift in Sources */ = {isa = PBXBuildFile; fileRef = F006 /* AppState.swift */; };
		A007 /* EditorViewModel.swift in Sources */ = {isa = PBXBuildFile; fileRef = F007 /* EditorViewModel.swift */; };
		A008 /* DocumentRenderers.swift in Sources */ = {isa = PBXBuildFile; fileRef = F008 /* DocumentRenderers.swift */; };
		A009 /* Components.swift in Sources */ = {isa = PBXBuildFile; fileRef = F009 /* Components.swift */; };
		A010 /* OnboardingView.swift in Sources */ = {isa = PBXBuildFile; fileRef = F010 /* OnboardingView.swift */; };
		A011 /* HomeView.swift in Sources */ = {isa = PBXBuildFile; fileRef = F011 /* HomeView.swift */; };
		A012 /* CaptureView.swift in Sources */ = {isa = PBXBuildFile; fileRef = F012 /* CaptureView.swift */; };
		A013 /* EditorView.swift in Sources */ = {isa = PBXBuildFile; fileRef = F013 /* EditorView.swift */; };
		A014 /* DocumentCanvas.swift in Sources */ = {isa = PBXBuildFile; fileRef = F014 /* DocumentCanvas.swift */; };
		A015 /* MaskStylePicker.swift in Sources */ = {isa = PBXBuildFile; fileRef = F015 /* MaskStylePicker.swift */; };
		A016 /* OCRSheetView.swift in Sources */ = {isa = PBXBuildFile; fileRef = F016 /* OCRSheetView.swift */; };
		A017 /* ExportSheetView.swift in Sources */ = {isa = PBXBuildFile; fileRef = F017 /* ExportSheetView.swift */; };
		A018 /* PremiumManager.swift in Sources */ = {isa = PBXBuildFile; fileRef = F018 /* PremiumManager.swift */; };
		A019 /* PaywallView.swift in Sources */ = {isa = PBXBuildFile; fileRef = F019 /* PaywallView.swift */; };
		A020 /* VaultView.swift in Sources */ = {isa = PBXBuildFile; fileRef = F020 /* VaultView.swift */; };
		A021 /* StyleGalleryView.swift in Sources */ = {isa = PBXBuildFile; fileRef = F021 /* StyleGalleryView.swift */; };
		A022 /* SettingsView.swift in Sources */ = {isa = PBXBuildFile; fileRef = F022 /* SettingsView.swift */; };
		A049 /* SettingsDestinationViews.swift in Sources */ = {isa = PBXBuildFile; fileRef = F049 /* SettingsDestinationViews.swift */; };
		A023 /* TabBar.swift in Sources */ = {isa = PBXBuildFile; fileRef = F023 /* TabBar.swift */; };
		A024 /* Assets.xcassets in Resources */ = {isa = PBXBuildFile; fileRef = F024 /* Assets.xcassets */; };
		A026 /* AllDocumentsView.swift in Sources */ = {isa = PBXBuildFile; fileRef = F026 /* AllDocumentsView.swift */; };
		A027 /* WatermarkConfigView.swift in Sources */ = {isa = PBXBuildFile; fileRef = F027 /* WatermarkConfigView.swift */; };
		A028 /* PrivacyInfo.xcprivacy in Resources */ = {isa = PBXBuildFile; fileRef = F028 /* PrivacyInfo.xcprivacy */; };
		A030 /* CloudSyncManager.swift in Sources */ = {isa = PBXBuildFile; fileRef = F030 /* CloudSyncManager.swift */; };
		A031 /* ExternalStorageManager.swift in Sources */ = {isa = PBXBuildFile; fileRef = F031 /* ExternalStorageManager.swift */; };
		A060 /* DirectCloudStorageManager.swift in Sources */ = {isa = PBXBuildFile; fileRef = F060 /* DirectCloudStorageManager.swift */; };
		A032 /* ImageAdjustToolbar.swift in Sources */ = {isa = PBXBuildFile; fileRef = F032 /* ImageAdjustToolbar.swift */; };
		A033 /* OnboardingFlowView.swift in Sources */ = {isa = PBXBuildFile; fileRef = F033 /* OnboardingFlowView.swift */; };
		A034 /* OnboardingSteps.swift in Sources */ = {isa = PBXBuildFile; fileRef = F034 /* OnboardingSteps.swift */; };
		A035 /* OnboardingState.swift in Sources */ = {isa = PBXBuildFile; fileRef = F035 /* OnboardingState.swift */; };
		A036 /* LanguageManager.swift in Sources */ = {isa = PBXBuildFile; fileRef = F036 /* LanguageManager.swift */; };
		A037 /* AppSessionCoordinator.swift in Sources */ = {isa = PBXBuildFile; fileRef = F037 /* AppSessionCoordinator.swift */; };
		A038 /* HomeDashboardViews.swift in Sources */ = {isa = PBXBuildFile; fileRef = F038 /* HomeDashboardViews.swift */; };
		A039 /* CaptureMenuViews.swift in Sources */ = {isa = PBXBuildFile; fileRef = F039 /* CaptureMenuViews.swift */; };
		A040 /* CaptureReviewViews.swift in Sources */ = {isa = PBXBuildFile; fileRef = F040 /* CaptureReviewViews.swift */; };
		A041 /* CaptureImportViews.swift in Sources */ = {isa = PBXBuildFile; fileRef = F041 /* CaptureImportViews.swift */; };
		A042 /* CaptureOCRServices.swift in Sources */ = {isa = PBXBuildFile; fileRef = F042 /* CaptureOCRServices.swift */; };
		A043 /* ExportServices.swift in Sources */ = {isa = PBXBuildFile; fileRef = F043 /* ExportServices.swift */; };
		A044 /* EditorChromeViews.swift in Sources */ = {isa = PBXBuildFile; fileRef = F044 /* EditorChromeViews.swift */; };
		A045 /* ExportFormViews.swift in Sources */ = {isa = PBXBuildFile; fileRef = F045 /* ExportFormViews.swift */; };
		A046 /* HomeSectionViews.swift in Sources */ = {isa = PBXBuildFile; fileRef = F046 /* HomeSectionViews.swift */; };
		A047 /* SecureExportModels.swift in Sources */ = {isa = PBXBuildFile; fileRef = F047 /* SecureExportModels.swift */; };
		A048 /* ExportVerifier.swift in Sources */ = {isa = PBXBuildFile; fileRef = F048 /* ExportVerifier.swift */; };
		A099 /* StoreKit.framework in Frameworks */ = {isa = PBXBuildFile; fileRef = F099 /* StoreKit.framework */; };
		A100 /* Vision.framework in Frameworks */ = {isa = PBXBuildFile; fileRef = F100 /* Vision.framework */; };
		A101 /* PhotosUI.framework in Frameworks */ = {isa = PBXBuildFile; fileRef = F101 /* PhotosUI.framework */; };
		A102 /* VisionKit.framework in Frameworks */ = {isa = PBXBuildFile; fileRef = F102 /* VisionKit.framework */; };
		A103 /* PDFKit.framework in Frameworks */ = {isa = PBXBuildFile; fileRef = F103 /* PDFKit.framework */; };
		A104 /* CloudKit.framework in Frameworks */ = {isa = PBXBuildFile; fileRef = F104 /* CloudKit.framework */; };
		A105 /* AuthenticationServices.framework in Frameworks */ = {isa = PBXBuildFile; fileRef = F105 /* AuthenticationServices.framework */; };
		ARC001 /* RevenueCat in Frameworks */ = {isa = PBXBuildFile; productRef = RCPROD001 /* RevenueCat */; };
		AIMP /* ImportPipeline.swift in Sources */ = {isa = PBXBuildFile; fileRef = FIMP /* ImportPipeline.swift */; };
		AINT /* ShieldAppIntents.swift in Sources */ = {isa = PBXBuildFile; fileRef = FINT /* ShieldAppIntents.swift */; };
		AMETRIC /* ShieldMetricSubscriber.swift in Sources */ = {isa = PBXBuildFile; fileRef = FMETRIC /* ShieldMetricSubscriber.swift */; };
		ASHARE /* SharedImportStore.swift in Sources */ = {isa = PBXBuildFile; fileRef = FSHARE /* SharedImportStore.swift */; };
		AT001 /* RedactionCodingTests.swift in Sources */ = {isa = PBXBuildFile; fileRef = T001 /* RedactionCodingTests.swift */; };
		AT002 /* ShieldLaunchTests.swift in Sources */ = {isa = PBXBuildFile; fileRef = T002 /* ShieldLaunchTests.swift */; };
		AT003 /* Export/ExportVerifierTests.swift in Sources */ = {isa = PBXBuildFile; fileRef = T003 /* Export/ExportVerifierTests.swift */; };
		AT004 /* DocumentMigrationTests.swift in Sources */ = {isa = PBXBuildFile; fileRef = T004 /* DocumentMigrationTests.swift */; };
		AT005 /* SharedImportStoreTests.swift in Sources */ = {isa = PBXBuildFile; fileRef = T005 /* SharedImportStoreTests.swift */; };
		AT006 /* PerformanceBudgetTests.swift in Sources */ = {isa = PBXBuildFile; fileRef = T006 /* PerformanceBudgetTests.swift */; };
		AT007 /* MetricPayloadStoreTests.swift in Sources */ = {isa = PBXBuildFile; fileRef = T007 /* MetricPayloadStoreTests.swift */; };
		B001 /* Auth.xcstrings in Resources */ = {isa = PBXBuildFile; fileRef = L001 /* Auth.xcstrings */; };
		B002 /* Capture.xcstrings in Resources */ = {isa = PBXBuildFile; fileRef = L002 /* Capture.xcstrings */; };
		B003 /* Common.xcstrings in Resources */ = {isa = PBXBuildFile; fileRef = L003 /* Common.xcstrings */; };
		B004 /* Editor.xcstrings in Resources */ = {isa = PBXBuildFile; fileRef = L004 /* Editor.xcstrings */; };
		B005 /* Gallery.xcstrings in Resources */ = {isa = PBXBuildFile; fileRef = L005 /* Gallery.xcstrings */; };
		B006 /* Home.xcstrings in Resources */ = {isa = PBXBuildFile; fileRef = L006 /* Home.xcstrings */; };
		B007 /* Model.xcstrings in Resources */ = {isa = PBXBuildFile; fileRef = L007 /* Model.xcstrings */; };
		B008 /* Onboarding.xcstrings in Resources */ = {isa = PBXBuildFile; fileRef = L008 /* Onboarding.xcstrings */; };
		B009 /* Paywall.xcstrings in Resources */ = {isa = PBXBuildFile; fileRef = L009 /* Paywall.xcstrings */; };
		B010 /* Settings.xcstrings in Resources */ = {isa = PBXBuildFile; fileRef = L010 /* Settings.xcstrings */; };
		B011 /* Vault.xcstrings in Resources */ = {isa = PBXBuildFile; fileRef = L011 /* Vault.xcstrings */; };
		B012 /* SettingsInfo.xcstrings in Resources */ = {isa = PBXBuildFile; fileRef = L012 /* SettingsInfo.xcstrings */; };
		B013 /* AppShortcuts.xcstrings in Resources */ = {isa = PBXBuildFile; fileRef = L013 /* AppShortcuts.xcstrings */; };
		EMBEDEXT /* ShieldShareExtension.appex in Embed Foundation Extensions */ = {isa = PBXBuildFile; fileRef = FEXTAPP /* ShieldShareExtension.appex */; settings = {ATTRIBUTES = (CodeSignOnCopy, RemoveHeadersOnCopy, ); }; };
		EXTRES1 /* MainInterface.storyboard in Resources */ = {isa = PBXBuildFile; fileRef = FEXTSTORY /* MainInterface.storyboard */; };
		EXTSRC1 /* ShareViewController.swift in Sources */ = {isa = PBXBuildFile; fileRef = FEXTSRC1 /* ShareViewController.swift */; };
		EXTSRC2 /* SharedImportStore.swift in Sources */ = {isa = PBXBuildFile; fileRef = FSHARE /* SharedImportStore.swift */; };
		TIMP /* ImportPipelineTests.swift in Sources */ = {isa = PBXBuildFile; fileRef = FTIM /* ImportPipelineTests.swift */; };
		TOCR /* OCREvidenceTests.swift in Sources */ = {isa = PBXBuildFile; fileRef = FTOC /* OCREvidenceTests.swift */; };
		TSEC /* SecurityPrivacyTests.swift in Sources */ = {isa = PBXBuildFile; fileRef = FSEC /* SecurityPrivacyTests.swift */; };
/* End PBXBuildFile section */

/* Begin PBXContainerItemProxy section */
		PROXY_SHARE_EXTENSION /* PBXContainerItemProxy */ = {
			isa = PBXContainerItemProxy;
			containerPortal = PROJ /* Project object */;
			proxyType = 1;
			remoteGlobalIDString = TARGET_SHARE_EXTENSION;
			remoteInfo = ShieldShareExtension;
		};
		PROXY_TESTS /* PBXContainerItemProxy */ = {
			isa = PBXContainerItemProxy;
			containerPortal = PROJ /* Project object */;
			proxyType = 1;
			remoteGlobalIDString = TARGET_SHIELD;
			remoteInfo = Shield;
		};
		PROXY_UITESTS /* PBXContainerItemProxy */ = {
			isa = PBXContainerItemProxy;
			containerPortal = PROJ /* Project object */;
			proxyType = 1;
			remoteGlobalIDString = TARGET_SHIELD;
			remoteInfo = Shield;
		};
/* End PBXContainerItemProxy section */

/* Begin PBXCopyFilesBuildPhase section */
		PH_EMBED_EXTENSIONS /* Embed Foundation Extensions */ = {
			isa = PBXCopyFilesBuildPhase;
			buildActionMask = 2147483647;
			dstPath = "";
			dstSubfolderSpec = 13;
			files = (
				EMBEDEXT /* ShieldShareExtension.appex in Embed Foundation Extensions */,
			);
			name = "Embed Foundation Extensions";
			runOnlyForDeploymentPostprocessing = 0;
		};
/* End PBXCopyFilesBuildPhase section */

/* Begin PBXFileReference section */
		7C1D5E4D2FA7359600E171B4 /* GhostDocInFormal.icon */ = {isa = PBXFileReference; lastKnownFileType = folder.iconcomposer.icon; path = GhostDocInFormal.icon; sourceTree = "<group>"; };
		7C1D5E4F2FA7392000E171B4 /* MaskID.icon */ = {isa = PBXFileReference; lastKnownFileType = folder.iconcomposer.icon; path = MaskID.icon; sourceTree = "<group>"; };
		7C8EF8582FA4654E00F78E79 /* Shield.entitlements */ = {isa = PBXFileReference; lastKnownFileType = text.plist.entitlements; path = Shield.entitlements; sourceTree = "<group>"; };
		F001 /* ShieldApp.swift */ = {isa = PBXFileReference; lastKnownFileType = sourcecode.swift; path = ShieldApp.swift; sourceTree = "<group>"; };
		F002 /* ContentView.swift */ = {isa = PBXFileReference; lastKnownFileType = sourcecode.swift; path = ContentView.swift; sourceTree = "<group>"; };
		F003 /* ShieldTheme.swift */ = {isa = PBXFileReference; lastKnownFileType = sourcecode.swift; path = ShieldTheme.swift; sourceTree = "<group>"; };
		F004 /* Document.swift */ = {isa = PBXFileReference; lastKnownFileType = sourcecode.swift; path = Document.swift; sourceTree = "<group>"; };
		F005 /* Redaction.swift */ = {isa = PBXFileReference; lastKnownFileType = sourcecode.swift; path = Redaction.swift; sourceTree = "<group>"; };
		F006 /* AppState.swift */ = {isa = PBXFileReference; lastKnownFileType = sourcecode.swift; path = AppState.swift; sourceTree = "<group>"; };
		F007 /* EditorViewModel.swift */ = {isa = PBXFileReference; lastKnownFileType = sourcecode.swift; path = EditorViewModel.swift; sourceTree = "<group>"; };
		F008 /* DocumentRenderers.swift */ = {isa = PBXFileReference; lastKnownFileType = sourcecode.swift; path = DocumentRenderers.swift; sourceTree = "<group>"; };
		F009 /* Components.swift */ = {isa = PBXFileReference; lastKnownFileType = sourcecode.swift; path = Components.swift; sourceTree = "<group>"; };
		F010 /* OnboardingView.swift */ = {isa = PBXFileReference; lastKnownFileType = sourcecode.swift; path = OnboardingView.swift; sourceTree = "<group>"; };
		F011 /* HomeView.swift */ = {isa = PBXFileReference; lastKnownFileType = sourcecode.swift; path = HomeView.swift; sourceTree = "<group>"; };
		F012 /* CaptureView.swift */ = {isa = PBXFileReference; lastKnownFileType = sourcecode.swift; path = CaptureView.swift; sourceTree = "<group>"; };
		F013 /* EditorView.swift */ = {isa = PBXFileReference; lastKnownFileType = sourcecode.swift; path = EditorView.swift; sourceTree = "<group>"; };
		F014 /* DocumentCanvas.swift */ = {isa = PBXFileReference; lastKnownFileType = sourcecode.swift; path = DocumentCanvas.swift; sourceTree = "<group>"; };
		F015 /* MaskStylePicker.swift */ = {isa = PBXFileReference; lastKnownFileType = sourcecode.swift; path = MaskStylePicker.swift; sourceTree = "<group>"; };
		F016 /* OCRSheetView.swift */ = {isa = PBXFileReference; lastKnownFileType = sourcecode.swift; path = OCRSheetView.swift; sourceTree = "<group>"; };
		F017 /* ExportSheetView.swift */ = {isa = PBXFileReference; lastKnownFileType = sourcecode.swift; path = ExportSheetView.swift; sourceTree = "<group>"; };
		F018 /* PremiumManager.swift */ = {isa = PBXFileReference; lastKnownFileType = sourcecode.swift; path = PremiumManager.swift; sourceTree = "<group>"; };
		F019 /* PaywallView.swift */ = {isa = PBXFileReference; lastKnownFileType = sourcecode.swift; path = PaywallView.swift; sourceTree = "<group>"; };
		F020 /* VaultView.swift */ = {isa = PBXFileReference; lastKnownFileType = sourcecode.swift; path = VaultView.swift; sourceTree = "<group>"; };
		F021 /* StyleGalleryView.swift */ = {isa = PBXFileReference; lastKnownFileType = sourcecode.swift; path = StyleGalleryView.swift; sourceTree = "<group>"; };
		F022 /* SettingsView.swift */ = {isa = PBXFileReference; lastKnownFileType = sourcecode.swift; path = SettingsView.swift; sourceTree = "<group>"; };
		F049 /* SettingsDestinationViews.swift */ = {isa = PBXFileReference; lastKnownFileType = sourcecode.swift; path = SettingsDestinationViews.swift; sourceTree = "<group>"; };
		F023 /* TabBar.swift */ = {isa = PBXFileReference; lastKnownFileType = sourcecode.swift; path = TabBar.swift; sourceTree = "<group>"; };
		F024 /* Assets.xcassets */ = {isa = PBXFileReference; lastKnownFileType = folder.assetcatalog; path = Assets.xcassets; sourceTree = "<group>"; };
		F025 /* Shield.storekit */ = {isa = PBXFileReference; lastKnownFileType = text; path = Shield.storekit; sourceTree = "<group>"; };
		F026 /* AllDocumentsView.swift */ = {isa = PBXFileReference; lastKnownFileType = sourcecode.swift; path = AllDocumentsView.swift; sourceTree = "<group>"; };
		F027 /* WatermarkConfigView.swift */ = {isa = PBXFileReference; lastKnownFileType = sourcecode.swift; path = WatermarkConfigView.swift; sourceTree = "<group>"; };
		F028 /* PrivacyInfo.xcprivacy */ = {isa = PBXFileReference; lastKnownFileType = text.xml; path = PrivacyInfo.xcprivacy; sourceTree = "<group>"; };
		F030 /* CloudSyncManager.swift */ = {isa = PBXFileReference; lastKnownFileType = sourcecode.swift; path = CloudSyncManager.swift; sourceTree = "<group>"; };
		F031 /* ExternalStorageManager.swift */ = {isa = PBXFileReference; lastKnownFileType = sourcecode.swift; path = ExternalStorageManager.swift; sourceTree = "<group>"; };
		F060 /* DirectCloudStorageManager.swift */ = {isa = PBXFileReference; lastKnownFileType = sourcecode.swift; path = DirectCloudStorageManager.swift; sourceTree = "<group>"; };
		F032 /* ImageAdjustToolbar.swift */ = {isa = PBXFileReference; lastKnownFileType = sourcecode.swift; path = ImageAdjustToolbar.swift; sourceTree = "<group>"; };
		F033 /* OnboardingFlowView.swift */ = {isa = PBXFileReference; lastKnownFileType = sourcecode.swift; path = OnboardingFlowView.swift; sourceTree = "<group>"; };
		F034 /* OnboardingSteps.swift */ = {isa = PBXFileReference; lastKnownFileType = sourcecode.swift; path = OnboardingSteps.swift; sourceTree = "<group>"; };
		F035 /* OnboardingState.swift */ = {isa = PBXFileReference; lastKnownFileType = sourcecode.swift; path = OnboardingState.swift; sourceTree = "<group>"; };
		F036 /* LanguageManager.swift */ = {isa = PBXFileReference; lastKnownFileType = sourcecode.swift; path = LanguageManager.swift; sourceTree = "<group>"; };
		F037 /* AppSessionCoordinator.swift */ = {isa = PBXFileReference; lastKnownFileType = sourcecode.swift; path = AppSessionCoordinator.swift; sourceTree = "<group>"; };
		F038 /* HomeDashboardViews.swift */ = {isa = PBXFileReference; lastKnownFileType = sourcecode.swift; path = HomeDashboardViews.swift; sourceTree = "<group>"; };
		F039 /* CaptureMenuViews.swift */ = {isa = PBXFileReference; lastKnownFileType = sourcecode.swift; path = CaptureMenuViews.swift; sourceTree = "<group>"; };
		F040 /* CaptureReviewViews.swift */ = {isa = PBXFileReference; lastKnownFileType = sourcecode.swift; path = CaptureReviewViews.swift; sourceTree = "<group>"; };
		F041 /* CaptureImportViews.swift */ = {isa = PBXFileReference; lastKnownFileType = sourcecode.swift; path = CaptureImportViews.swift; sourceTree = "<group>"; };
		F042 /* CaptureOCRServices.swift */ = {isa = PBXFileReference; lastKnownFileType = sourcecode.swift; path = CaptureOCRServices.swift; sourceTree = "<group>"; };
		F043 /* ExportServices.swift */ = {isa = PBXFileReference; lastKnownFileType = sourcecode.swift; path = ExportServices.swift; sourceTree = "<group>"; };
		F044 /* EditorChromeViews.swift */ = {isa = PBXFileReference; lastKnownFileType = sourcecode.swift; path = EditorChromeViews.swift; sourceTree = "<group>"; };
		F045 /* ExportFormViews.swift */ = {isa = PBXFileReference; lastKnownFileType = sourcecode.swift; path = ExportFormViews.swift; sourceTree = "<group>"; };
		F046 /* HomeSectionViews.swift */ = {isa = PBXFileReference; lastKnownFileType = sourcecode.swift; path = HomeSectionViews.swift; sourceTree = "<group>"; };
		F047 /* SecureExportModels.swift */ = {isa = PBXFileReference; lastKnownFileType = sourcecode.swift; path = SecureExportModels.swift; sourceTree = "<group>"; };
		F048 /* ExportVerifier.swift */ = {isa = PBXFileReference; lastKnownFileType = sourcecode.swift; path = ExportVerifier.swift; sourceTree = "<group>"; };
		F099 /* StoreKit.framework */ = {isa = PBXFileReference; lastKnownFileType = wrapper.framework; name = StoreKit.framework; path = System/Library/Frameworks/StoreKit.framework; sourceTree = SDKROOT; };
		F100 /* Vision.framework */ = {isa = PBXFileReference; lastKnownFileType = wrapper.framework; name = Vision.framework; path = System/Library/Frameworks/Vision.framework; sourceTree = SDKROOT; };
		F101 /* PhotosUI.framework */ = {isa = PBXFileReference; lastKnownFileType = wrapper.framework; name = PhotosUI.framework; path = System/Library/Frameworks/PhotosUI.framework; sourceTree = SDKROOT; };
		F102 /* VisionKit.framework */ = {isa = PBXFileReference; lastKnownFileType = wrapper.framework; name = VisionKit.framework; path = System/Library/Frameworks/VisionKit.framework; sourceTree = SDKROOT; };
		F103 /* PDFKit.framework */ = {isa = PBXFileReference; lastKnownFileType = wrapper.framework; name = PDFKit.framework; path = System/Library/Frameworks/PDFKit.framework; sourceTree = SDKROOT; };
		F104 /* CloudKit.framework */ = {isa = PBXFileReference; lastKnownFileType = wrapper.framework; name = CloudKit.framework; path = System/Library/Frameworks/CloudKit.framework; sourceTree = SDKROOT; };
		F105 /* AuthenticationServices.framework */ = {isa = PBXFileReference; lastKnownFileType = wrapper.framework; name = AuthenticationServices.framework; path = System/Library/Frameworks/AuthenticationServices.framework; sourceTree = SDKROOT; };
		FAPP /* Shield.app */ = {isa = PBXFileReference; explicitFileType = wrapper.application; includeInIndex = 0; path = Shield.app; sourceTree = BUILT_PRODUCTS_DIR; };
		FAPPINFO /* Info.plist */ = {isa = PBXFileReference; lastKnownFileType = text.plist.xml; path = Info.plist; sourceTree = "<group>"; };
		FEXTAPP /* ShieldShareExtension.appex */ = {isa = PBXFileReference; explicitFileType = "wrapper.app-extension"; includeInIndex = 0; path = ShieldShareExtension.appex; sourceTree = BUILT_PRODUCTS_DIR; };
		FEXTENT /* ShareExtension.entitlements */ = {isa = PBXFileReference; lastKnownFileType = text.plist.entitlements; path = ShareExtension.entitlements; sourceTree = "<group>"; };
		FEXTINFO /* Info.plist */ = {isa = PBXFileReference; lastKnownFileType = text.plist.xml; path = Info.plist; sourceTree = "<group>"; };
		FEXTSRC1 /* ShareViewController.swift */ = {isa = PBXFileReference; lastKnownFileType = sourcecode.swift; path = ShareViewController.swift; sourceTree = "<group>"; };
		FEXTSTORY /* MainInterface.storyboard */ = {isa = PBXFileReference; lastKnownFileType = file.storyboard; name = MainInterface.storyboard; path = Base.lproj/MainInterface.storyboard; sourceTree = "<group>"; };
		FIMP /* ImportPipeline.swift */ = {isa = PBXFileReference; lastKnownFileType = sourcecode.swift; path = ImportPipeline.swift; sourceTree = "<group>"; };
		FINT /* ShieldAppIntents.swift */ = {isa = PBXFileReference; lastKnownFileType = sourcecode.swift; path = ShieldAppIntents.swift; sourceTree = "<group>"; };
		FMETRIC /* ShieldMetricSubscriber.swift */ = {isa = PBXFileReference; lastKnownFileType = sourcecode.swift; path = ShieldMetricSubscriber.swift; sourceTree = "<group>"; };
		FSEC /* SecurityPrivacyTests.swift */ = {isa = PBXFileReference; lastKnownFileType = sourcecode.swift; path = SecurityPrivacyTests.swift; sourceTree = "<group>"; };
		FSHARE /* SharedImportStore.swift */ = {isa = PBXFileReference; lastKnownFileType = sourcecode.swift; path = SharedImportStore.swift; sourceTree = "<group>"; };
		FTEST /* ShieldTests.xctest */ = {isa = PBXFileReference; explicitFileType = wrapper.cfbundle; includeInIndex = 0; path = ShieldTests.xctest; sourceTree = BUILT_PRODUCTS_DIR; };
		FTIM /* ImportPipelineTests.swift */ = {isa = PBXFileReference; lastKnownFileType = sourcecode.swift; path = ImportPipelineTests.swift; sourceTree = "<group>"; };
		FTOC /* OCREvidenceTests.swift */ = {isa = PBXFileReference; lastKnownFileType = sourcecode.swift; path = OCREvidenceTests.swift; sourceTree = "<group>"; };
		FUITEST /* ShieldUITests.xctest */ = {isa = PBXFileReference; explicitFileType = wrapper.cfbundle; includeInIndex = 0; path = ShieldUITests.xctest; sourceTree = BUILT_PRODUCTS_DIR; };
		L001 /* Auth.xcstrings */ = {isa = PBXFileReference; lastKnownFileType = text.json.xcstrings; path = Auth.xcstrings; sourceTree = "<group>"; };
		L002 /* Capture.xcstrings */ = {isa = PBXFileReference; lastKnownFileType = text.json.xcstrings; path = Capture.xcstrings; sourceTree = "<group>"; };
		L003 /* Common.xcstrings */ = {isa = PBXFileReference; lastKnownFileType = text.json.xcstrings; path = Common.xcstrings; sourceTree = "<group>"; };
		L004 /* Editor.xcstrings */ = {isa = PBXFileReference; lastKnownFileType = text.json.xcstrings; path = Editor.xcstrings; sourceTree = "<group>"; };
		L005 /* Gallery.xcstrings */ = {isa = PBXFileReference; lastKnownFileType = text.json.xcstrings; path = Gallery.xcstrings; sourceTree = "<group>"; };
		L006 /* Home.xcstrings */ = {isa = PBXFileReference; lastKnownFileType = text.json.xcstrings; path = Home.xcstrings; sourceTree = "<group>"; };
		L007 /* Model.xcstrings */ = {isa = PBXFileReference; lastKnownFileType = text.json.xcstrings; path = Model.xcstrings; sourceTree = "<group>"; };
		L008 /* Onboarding.xcstrings */ = {isa = PBXFileReference; lastKnownFileType = text.json.xcstrings; path = Onboarding.xcstrings; sourceTree = "<group>"; };
		L009 /* Paywall.xcstrings */ = {isa = PBXFileReference; lastKnownFileType = text.json.xcstrings; path = Paywall.xcstrings; sourceTree = "<group>"; };
		L010 /* Settings.xcstrings */ = {isa = PBXFileReference; lastKnownFileType = text.json.xcstrings; path = Settings.xcstrings; sourceTree = "<group>"; };
		L011 /* Vault.xcstrings */ = {isa = PBXFileReference; lastKnownFileType = text.json.xcstrings; path = Vault.xcstrings; sourceTree = "<group>"; };
		L012 /* SettingsInfo.xcstrings */ = {isa = PBXFileReference; lastKnownFileType = text.json.xcstrings; path = SettingsInfo.xcstrings; sourceTree = "<group>"; };
		L013 /* AppShortcuts.xcstrings */ = {isa = PBXFileReference; lastKnownFileType = text.json.xcstrings; path = AppShortcuts.xcstrings; sourceTree = "<group>"; };
		T001 /* RedactionCodingTests.swift */ = {isa = PBXFileReference; lastKnownFileType = sourcecode.swift; path = RedactionCodingTests.swift; sourceTree = "<group>"; };
		T002 /* ShieldLaunchTests.swift */ = {isa = PBXFileReference; lastKnownFileType = sourcecode.swift; path = ShieldLaunchTests.swift; sourceTree = "<group>"; };
		T003 /* Export/ExportVerifierTests.swift */ = {isa = PBXFileReference; lastKnownFileType = sourcecode.swift; path = Export/ExportVerifierTests.swift; sourceTree = "<group>"; };
		T004 /* DocumentMigrationTests.swift */ = {isa = PBXFileReference; lastKnownFileType = sourcecode.swift; path = DocumentMigrationTests.swift; sourceTree = "<group>"; };
		T005 /* SharedImportStoreTests.swift */ = {isa = PBXFileReference; lastKnownFileType = sourcecode.swift; path = SharedImportStoreTests.swift; sourceTree = "<group>"; };
		T006 /* PerformanceBudgetTests.swift */ = {isa = PBXFileReference; lastKnownFileType = sourcecode.swift; path = PerformanceBudgetTests.swift; sourceTree = "<group>"; };
		T007 /* MetricPayloadStoreTests.swift */ = {isa = PBXFileReference; lastKnownFileType = sourcecode.swift; path = MetricPayloadStoreTests.swift; sourceTree = "<group>"; };
/* End PBXFileReference section */

/* Begin PBXFrameworksBuildPhase section */
		PH_EXT_FRAMEWORKS /* Frameworks */ = {
			isa = PBXFrameworksBuildPhase;
			buildActionMask = 2147483647;
			files = (
			);
			runOnlyForDeploymentPostprocessing = 0;
		};
		PH_FRAMEWORKS /* Frameworks */ = {
			isa = PBXFrameworksBuildPhase;
			buildActionMask = 2147483647;
			files = (
				ARC001 /* RevenueCat in Frameworks */,
				A099 /* StoreKit.framework in Frameworks */,
				A100 /* Vision.framework in Frameworks */,
				A101 /* PhotosUI.framework in Frameworks */,
				A102 /* VisionKit.framework in Frameworks */,
				A103 /* PDFKit.framework in Frameworks */,
				A104 /* CloudKit.framework in Frameworks */,
				A105 /* AuthenticationServices.framework in Frameworks */,
			);
			runOnlyForDeploymentPostprocessing = 0;
		};
		PH_TEST_FRAMEWORKS /* Frameworks */ = {
			isa = PBXFrameworksBuildPhase;
			buildActionMask = 2147483647;
			files = (
			);
			runOnlyForDeploymentPostprocessing = 0;
		};
		PH_UITEST_FRAMEWORKS /* Frameworks */ = {
			isa = PBXFrameworksBuildPhase;
			buildActionMask = 2147483647;
			files = (
			);
			runOnlyForDeploymentPostprocessing = 0;
		};
/* End PBXFrameworksBuildPhase section */

/* Begin PBXGroup section */
		GRP_APP /* App */ = {
			isa = PBXGroup;
			children = (
				F001 /* ShieldApp.swift */,
				F002 /* ContentView.swift */,
				FINT /* ShieldAppIntents.swift */,
			);
			path = App;
			sourceTree = "<group>";
		};
		GRP_CAPTURE /* Capture */ = {
			isa = PBXGroup;
			children = (
				F012 /* CaptureView.swift */,
				F039 /* CaptureMenuViews.swift */,
				F040 /* CaptureReviewViews.swift */,
				F041 /* CaptureImportViews.swift */,
				FIMP /* ImportPipeline.swift */,
				F042 /* CaptureOCRServices.swift */,
			);
			path = Capture;
			sourceTree = "<group>";
		};
		GRP_CLOUD /* Cloud */ = {
			isa = PBXGroup;
			children = (
				F030 /* CloudSyncManager.swift */,
				F031 /* ExternalStorageManager.swift */,
				F060 /* DirectCloudStorageManager.swift */,
			);
			path = Cloud;
			sourceTree = "<group>";
		};
		GRP_COMPONENTS /* Components */ = {
			isa = PBXGroup;
			children = (
				F009 /* Components.swift */,
				F023 /* TabBar.swift */,
			);
			path = Components;
			sourceTree = "<group>";
		};
		GRP_DOCUMENTS /* Documents */ = {
			isa = PBXGroup;
			children = (
				F008 /* DocumentRenderers.swift */,
			);
			path = Documents;
			sourceTree = "<group>";
		};
		GRP_EDITOR /* Editor */ = {
			isa = PBXGroup;
			children = (
				F013 /* EditorView.swift */,
				F044 /* EditorChromeViews.swift */,
				F014 /* DocumentCanvas.swift */,
				F015 /* MaskStylePicker.swift */,
				F016 /* OCRSheetView.swift */,
				F017 /* ExportSheetView.swift */,
				F043 /* ExportServices.swift */,
				F045 /* ExportFormViews.swift */,
				F027 /* WatermarkConfigView.swift */,
				F032 /* ImageAdjustToolbar.swift */,
			);
			path = Editor;
			sourceTree = "<group>";
		};
		GRP_EXPORT /* Export */ = {
			isa = PBXGroup;
			children = (
				F047 /* SecureExportModels.swift */,
				F048 /* ExportVerifier.swift */,
			);
			path = Export;
			sourceTree = "<group>";
		};
		GRP_FRAMEWORKS /* Frameworks */ = {
			isa = PBXGroup;
			children = (
				F099 /* StoreKit.framework */,
				F100 /* Vision.framework */,
				F101 /* PhotosUI.framework */,
				F102 /* VisionKit.framework */,
				F103 /* PDFKit.framework */,
				F104 /* CloudKit.framework */,
				F105 /* AuthenticationServices.framework */,
			);
			name = Frameworks;
			sourceTree = "<group>";
		};
		GRP_GALLERY /* Gallery */ = {
			isa = PBXGroup;
			children = (
				F021 /* StyleGalleryView.swift */,
			);
			path = Gallery;
			sourceTree = "<group>";
		};
		GRP_HOME /* Home */ = {
			isa = PBXGroup;
			children = (
				F011 /* HomeView.swift */,
				F026 /* AllDocumentsView.swift */,
				F038 /* HomeDashboardViews.swift */,
				F046 /* HomeSectionViews.swift */,
			);
			path = Home;
			sourceTree = "<group>";
		};
		GRP_LOCALIZATION /* Localization */ = {
			isa = PBXGroup;
			children = (
				F036 /* LanguageManager.swift */,
				GRP_STRINGS /* Strings */,
			);
			path = Localization;
			sourceTree = "<group>";
		};
		GRP_MODELS /* Models */ = {
			isa = PBXGroup;
			children = (
				F004 /* Document.swift */,
				F005 /* Redaction.swift */,
			);
			path = Models;
			sourceTree = "<group>";
		};
		GRP_OBSERVABILITY /* Observability */ = {
			isa = PBXGroup;
			children = (
				FMETRIC /* ShieldMetricSubscriber.swift */,
			);
			path = Observability;
			sourceTree = "<group>";
		};
		GRP_ONBOARDING /* Onboarding */ = {
			isa = PBXGroup;
			children = (
				F010 /* OnboardingView.swift */,
				F033 /* OnboardingFlowView.swift */,
				F034 /* OnboardingSteps.swift */,
			);
			path = Onboarding;
			sourceTree = "<group>";
		};
		GRP_PAYWALL /* Paywall */ = {
			isa = PBXGroup;
			children = (
				F019 /* PaywallView.swift */,
			);
			path = Paywall;
			sourceTree = "<group>";
		};
		GRP_PREMIUM /* Premium */ = {
			isa = PBXGroup;
			children = (
				F018 /* PremiumManager.swift */,
			);
			path = Premium;
			sourceTree = "<group>";
		};
		GRP_PRODUCTS /* Products */ = {
			isa = PBXGroup;
			children = (
				FAPP /* Shield.app */,
				FTEST /* ShieldTests.xctest */,
				FUITEST /* ShieldUITests.xctest */,
				FEXTAPP /* ShieldShareExtension.appex */,
			);
			name = Products;
			sourceTree = "<group>";
		};
		GRP_RESOURCES /* Resources */ = {
			isa = PBXGroup;
			children = (
				F024 /* Assets.xcassets */,
				F025 /* Shield.storekit */,
				F028 /* PrivacyInfo.xcprivacy */,
				FAPPINFO /* Info.plist */,
			);
			path = Resources;
			sourceTree = "<group>";
		};
		GRP_ROOT = {
			isa = PBXGroup;
			children = (
				GRP_SHIELD /* Shield */,
				GRP_TESTS /* ShieldTests */,
				GRP_UITESTS /* ShieldUITests */,
				GRP_SHARE_EXTENSION /* ShareExtension */,
				GRP_FRAMEWORKS /* Frameworks */,
				GRP_PRODUCTS /* Products */,
			);
			sourceTree = "<group>";
		};
		GRP_SETTINGS /* Settings */ = {
			isa = PBXGroup;
			children = (
				F022 /* SettingsView.swift */,
				F049 /* SettingsDestinationViews.swift */,
			);
			path = Settings;
			sourceTree = "<group>";
		};
		GRP_SHARE /* Share */ = {
			isa = PBXGroup;
			children = (
				FSHARE /* SharedImportStore.swift */,
			);
			path = Share;
			sourceTree = "<group>";
		};
		GRP_SHARE_EXTENSION /* ShareExtension */ = {
			isa = PBXGroup;
			children = (
				FEXTSRC1 /* ShareViewController.swift */,
				FEXTINFO /* Info.plist */,
				FEXTENT /* ShareExtension.entitlements */,
				FEXTSTORY /* MainInterface.storyboard */,
			);
			path = ShareExtension;
			sourceTree = "<group>";
		};
		GRP_SHIELD /* Shield */ = {
			isa = PBXGroup;
			children = (
				7C1D5E4F2FA7392000E171B4 /* MaskID.icon */,
				7C1D5E4D2FA7359600E171B4 /* GhostDocInFormal.icon */,
				7C8EF8582FA4654E00F78E79 /* Shield.entitlements */,
				GRP_APP /* App */,
				GRP_THEME /* Theme */,
				GRP_MODELS /* Models */,
				GRP_VIEWMODELS /* ViewModels */,
				GRP_VIEWS /* Views */,
				GRP_CLOUD /* Cloud */,
				GRP_PREMIUM /* Premium */,
				GRP_EXPORT /* Export */,
				GRP_SHARE /* Share */,
				GRP_OBSERVABILITY /* Observability */,
				GRP_LOCALIZATION /* Localization */,
				GRP_RESOURCES /* Resources */,
			);
			path = Shield;
			sourceTree = "<group>";
		};
		GRP_STRINGS /* Strings */ = {
			isa = PBXGroup;
			children = (
				L001 /* Auth.xcstrings */,
				L002 /* Capture.xcstrings */,
				L003 /* Common.xcstrings */,
				L004 /* Editor.xcstrings */,
				L005 /* Gallery.xcstrings */,
				L006 /* Home.xcstrings */,
				L007 /* Model.xcstrings */,
				L008 /* Onboarding.xcstrings */,
				L009 /* Paywall.xcstrings */,
				L010 /* Settings.xcstrings */,
				L012 /* SettingsInfo.xcstrings */,
				L013 /* AppShortcuts.xcstrings */,
				L011 /* Vault.xcstrings */,
			);
			path = Strings;
			sourceTree = "<group>";
		};
		GRP_TESTS /* ShieldTests */ = {
			isa = PBXGroup;
			children = (
				T001 /* RedactionCodingTests.swift */,
				T003 /* Export/ExportVerifierTests.swift */,
				T004 /* DocumentMigrationTests.swift */,
				FTIM /* ImportPipelineTests.swift */,
				FTOC /* OCREvidenceTests.swift */,
				FSEC /* SecurityPrivacyTests.swift */,
				T005 /* SharedImportStoreTests.swift */,
				T006 /* PerformanceBudgetTests.swift */,
				T007 /* MetricPayloadStoreTests.swift */,
			);
			path = ShieldTests;
			sourceTree = "<group>";
		};
		GRP_THEME /* Theme */ = {
			isa = PBXGroup;
			children = (
				F003 /* ShieldTheme.swift */,
			);
			path = Theme;
			sourceTree = "<group>";
		};
		GRP_UITESTS /* ShieldUITests */ = {
			isa = PBXGroup;
			children = (
				T002 /* ShieldLaunchTests.swift */,
			);
			path = ShieldUITests;
			sourceTree = "<group>";
		};
		GRP_VAULT /* Vault */ = {
			isa = PBXGroup;
			children = (
				F020 /* VaultView.swift */,
			);
			path = Vault;
			sourceTree = "<group>";
		};
		GRP_VIEWMODELS /* ViewModels */ = {
			isa = PBXGroup;
			children = (
				F006 /* AppState.swift */,
				F007 /* EditorViewModel.swift */,
				F035 /* OnboardingState.swift */,
				F037 /* AppSessionCoordinator.swift */,
			);
			path = ViewModels;
			sourceTree = "<group>";
		};
		GRP_VIEWS /* Views */ = {
			isa = PBXGroup;
			children = (
				GRP_ONBOARDING /* Onboarding */,
				GRP_HOME /* Home */,
				GRP_CAPTURE /* Capture */,
				GRP_EDITOR /* Editor */,
				GRP_DOCUMENTS /* Documents */,
				GRP_COMPONENTS /* Components */,
				GRP_PAYWALL /* Paywall */,
				GRP_VAULT /* Vault */,
				GRP_GALLERY /* Gallery */,
				GRP_SETTINGS /* Settings */,
			);
			path = Views;
			sourceTree = "<group>";
		};
/* End PBXGroup section */

/* Begin PBXNativeTarget section */
		TARGET_SHARE_EXTENSION /* ShieldShareExtension */ = {
			isa = PBXNativeTarget;
			buildConfigurationList = BCLST_SHARE_EXTENSION /* Build configuration list for PBXNativeTarget "ShieldShareExtension" */;
			buildPhases = (
				PH_EXT_SOURCES /* Sources */,
				PH_EXT_FRAMEWORKS /* Frameworks */,
				PH_EXT_RESOURCES /* Resources */,
			);
			buildRules = (
			);
			dependencies = (
			);
			name = ShieldShareExtension;
			productName = ShieldShareExtension;
			productReference = FEXTAPP /* ShieldShareExtension.appex */;
			productType = "com.apple.product-type.app-extension";
		};
		TARGET_SHIELD /* Shield */ = {
			isa = PBXNativeTarget;
			buildConfigurationList = BCLST_TARGET /* Build configuration list for PBXNativeTarget "Shield" */;
			buildPhases = (
				PH_SOURCES /* Sources */,
				PH_FRAMEWORKS /* Frameworks */,
				PH_RESOURCES /* Resources */,
				PH_EMBED_EXTENSIONS /* Embed Foundation Extensions */,
			);
			buildRules = (
			);
			dependencies = (
				DEP_SHARE_EXTENSION /* PBXTargetDependency */,
			);
			name = Shield;
			packageProductDependencies = (
				RCPROD001 /* RevenueCat */,
			);
			productName = Shield;
			productReference = FAPP /* Shield.app */;
			productType = "com.apple.product-type.application";
		};
		TARGET_TESTS /* ShieldTests */ = {
			isa = PBXNativeTarget;
			buildConfigurationList = BCLST_TESTS /* Build configuration list for PBXNativeTarget "ShieldTests" */;
			buildPhases = (
				PH_TEST_SOURCES /* Sources */,
				PH_TEST_FRAMEWORKS /* Frameworks */,
			);
			buildRules = (
			);
			dependencies = (
				DEP_TESTS /* PBXTargetDependency */,
			);
			name = ShieldTests;
			productName = ShieldTests;
			productReference = FTEST /* ShieldTests.xctest */;
			productType = "com.apple.product-type.bundle.unit-test";
		};
		TARGET_UITESTS /* ShieldUITests */ = {
			isa = PBXNativeTarget;
			buildConfigurationList = BCLST_UITESTS /* Build configuration list for PBXNativeTarget "ShieldUITests" */;
			buildPhases = (
				PH_UITEST_SOURCES /* Sources */,
				PH_UITEST_FRAMEWORKS /* Frameworks */,
			);
			buildRules = (
			);
			dependencies = (
				DEP_UITESTS /* PBXTargetDependency */,
			);
			name = ShieldUITests;
			productName = ShieldUITests;
			productReference = FUITEST /* ShieldUITests.xctest */;
			productType = "com.apple.product-type.bundle.ui-testing";
		};
/* End PBXNativeTarget section */

/* Begin PBXProject section */
		PROJ /* Project object */ = {
			isa = PBXProject;
			attributes = {
				BuildIndependentTargetsInParallel = 1;
				LastSwiftUpdateCheck = 1540;
				LastUpgradeCheck = 2660;
				TargetAttributes = {
					TARGET_SHARE_EXTENSION = {
						CreatedOnToolsVersion = 26.0;
					};
					TARGET_SHIELD = {
						CreatedOnToolsVersion = 15.4;
					};
					TARGET_TESTS = {
						CreatedOnToolsVersion = 26.0;
						TestTargetID = TARGET_SHIELD;
					};
					TARGET_UITESTS = {
						CreatedOnToolsVersion = 26.0;
						TestTargetID = TARGET_SHIELD;
					};
				};
			};
			buildConfigurationList = BCLST_PROJECT /* Build configuration list for PBXProject "Shield" */;
			compatibilityVersion = "Xcode 14.0";
			developmentRegion = en;
			hasScannedForEncodings = 0;
			knownRegions = (
				en,
				es,
				Base,
			);
			mainGroup = GRP_ROOT;
			packageReferences = (
				RCPKG001 /* XCRemoteSwiftPackageReference "purchases-ios-spm" */,
			);
			productRefGroup = GRP_PRODUCTS /* Products */;
			projectDirPath = "";
			projectRoot = "";
			targets = (
				TARGET_SHIELD /* Shield */,
				TARGET_TESTS /* ShieldTests */,
				TARGET_UITESTS /* ShieldUITests */,
				TARGET_SHARE_EXTENSION /* ShieldShareExtension */,
			);
		};
/* End PBXProject section */

/* Begin XCRemoteSwiftPackageReference section */
		RCPKG001 /* XCRemoteSwiftPackageReference "purchases-ios-spm" */ = {
			isa = XCRemoteSwiftPackageReference;
			repositoryURL = "https://github.com/RevenueCat/purchases-ios-spm.git";
			requirement = {
				kind = upToNextMajorVersion;
				minimumVersion = 5.81.1;
			};
		};
/* End XCRemoteSwiftPackageReference section */

/* Begin XCSwiftPackageProductDependency section */
		RCPROD001 /* RevenueCat */ = {
			isa = XCSwiftPackageProductDependency;
			package = RCPKG001 /* XCRemoteSwiftPackageReference "purchases-ios-spm" */;
			productName = RevenueCat;
		};
/* End XCSwiftPackageProductDependency section */

/* Begin PBXResourcesBuildPhase section */
		PH_EXT_RESOURCES /* Resources */ = {
			isa = PBXResourcesBuildPhase;
			buildActionMask = 2147483647;
			files = (
				EXTRES1 /* MainInterface.storyboard in Resources */,
			);
			runOnlyForDeploymentPostprocessing = 0;
		};
		PH_RESOURCES /* Resources */ = {
			isa = PBXResourcesBuildPhase;
			buildActionMask = 2147483647;
			files = (
				A024 /* Assets.xcassets in Resources */,
				7C1D5E4E2FA7359600E171B4 /* GhostDocInFormal.icon in Resources */,
				A028 /* PrivacyInfo.xcprivacy in Resources */,
				B001 /* Auth.xcstrings in Resources */,
				B002 /* Capture.xcstrings in Resources */,
				B003 /* Common.xcstrings in Resources */,
				B004 /* Editor.xcstrings in Resources */,
				B005 /* Gallery.xcstrings in Resources */,
				B006 /* Home.xcstrings in Resources */,
				B007 /* Model.xcstrings in Resources */,
				B008 /* Onboarding.xcstrings in Resources */,
				B009 /* Paywall.xcstrings in Resources */,
				B010 /* Settings.xcstrings in Resources */,
				B012 /* SettingsInfo.xcstrings in Resources */,
				B013 /* AppShortcuts.xcstrings in Resources */,
				B011 /* Vault.xcstrings in Resources */,
				7C1D5E502FA7392000E171B4 /* MaskID.icon in Resources */,
			);
			runOnlyForDeploymentPostprocessing = 0;
		};
/* End PBXResourcesBuildPhase section */

/* Begin PBXSourcesBuildPhase section */
		PH_EXT_SOURCES /* Sources */ = {
			isa = PBXSourcesBuildPhase;
			buildActionMask = 2147483647;
			files = (
				EXTSRC1 /* ShareViewController.swift in Sources */,
				EXTSRC2 /* SharedImportStore.swift in Sources */,
			);
			runOnlyForDeploymentPostprocessing = 0;
		};
		PH_SOURCES /* Sources */ = {
			isa = PBXSourcesBuildPhase;
			buildActionMask = 2147483647;
			files = (
				A001 /* ShieldApp.swift in Sources */,
				A002 /* ContentView.swift in Sources */,
				A003 /* ShieldTheme.swift in Sources */,
				A004 /* Document.swift in Sources */,
				A005 /* Redaction.swift in Sources */,
				A006 /* AppState.swift in Sources */,
				A007 /* EditorViewModel.swift in Sources */,
				A008 /* DocumentRenderers.swift in Sources */,
				A009 /* Components.swift in Sources */,
				A010 /* OnboardingView.swift in Sources */,
				A011 /* HomeView.swift in Sources */,
				A026 /* AllDocumentsView.swift in Sources */,
				A012 /* CaptureView.swift in Sources */,
				A013 /* EditorView.swift in Sources */,
				A014 /* DocumentCanvas.swift in Sources */,
				A015 /* MaskStylePicker.swift in Sources */,
				A016 /* OCRSheetView.swift in Sources */,
				A017 /* ExportSheetView.swift in Sources */,
				A027 /* WatermarkConfigView.swift in Sources */,
				A032 /* ImageAdjustToolbar.swift in Sources */,
				A018 /* PremiumManager.swift in Sources */,
				A019 /* PaywallView.swift in Sources */,
				A020 /* VaultView.swift in Sources */,
				A021 /* StyleGalleryView.swift in Sources */,
				A022 /* SettingsView.swift in Sources */,
				A049 /* SettingsDestinationViews.swift in Sources */,
				A023 /* TabBar.swift in Sources */,
				A030 /* CloudSyncManager.swift in Sources */,
				A031 /* ExternalStorageManager.swift in Sources */,
				A060 /* DirectCloudStorageManager.swift in Sources */,
				A033 /* OnboardingFlowView.swift in Sources */,
				A034 /* OnboardingSteps.swift in Sources */,
				A035 /* OnboardingState.swift in Sources */,
				A036 /* LanguageManager.swift in Sources */,
				A037 /* AppSessionCoordinator.swift in Sources */,
				A038 /* HomeDashboardViews.swift in Sources */,
				A039 /* CaptureMenuViews.swift in Sources */,
				A040 /* CaptureReviewViews.swift in Sources */,
				A041 /* CaptureImportViews.swift in Sources */,
				AIMP /* ImportPipeline.swift in Sources */,
				A042 /* CaptureOCRServices.swift in Sources */,
				A043 /* ExportServices.swift in Sources */,
				A044 /* EditorChromeViews.swift in Sources */,
				A045 /* ExportFormViews.swift in Sources */,
				A046 /* HomeSectionViews.swift in Sources */,
				A047 /* SecureExportModels.swift in Sources */,
				A048 /* ExportVerifier.swift in Sources */,
				AINT /* ShieldAppIntents.swift in Sources */,
				ASHARE /* SharedImportStore.swift in Sources */,
				AMETRIC /* ShieldMetricSubscriber.swift in Sources */,
			);
			runOnlyForDeploymentPostprocessing = 0;
		};
		PH_TEST_SOURCES /* Sources */ = {
			isa = PBXSourcesBuildPhase;
			buildActionMask = 2147483647;
			files = (
				AT001 /* RedactionCodingTests.swift in Sources */,
				AT003 /* Export/ExportVerifierTests.swift in Sources */,
				AT004 /* DocumentMigrationTests.swift in Sources */,
				TIMP /* ImportPipelineTests.swift in Sources */,
				TOCR /* OCREvidenceTests.swift in Sources */,
				TSEC /* SecurityPrivacyTests.swift in Sources */,
				AT005 /* SharedImportStoreTests.swift in Sources */,
				AT006 /* PerformanceBudgetTests.swift in Sources */,
				AT007 /* MetricPayloadStoreTests.swift in Sources */,
			);
			runOnlyForDeploymentPostprocessing = 0;
		};
		PH_UITEST_SOURCES /* Sources */ = {
			isa = PBXSourcesBuildPhase;
			buildActionMask = 2147483647;
			files = (
				AT002 /* ShieldLaunchTests.swift in Sources */,
			);
			runOnlyForDeploymentPostprocessing = 0;
		};
/* End PBXSourcesBuildPhase section */

/* Begin PBXTargetDependency section */
		DEP_SHARE_EXTENSION /* PBXTargetDependency */ = {
			isa = PBXTargetDependency;
			target = TARGET_SHARE_EXTENSION /* ShieldShareExtension */;
			targetProxy = PROXY_SHARE_EXTENSION /* PBXContainerItemProxy */;
		};
		DEP_TESTS /* PBXTargetDependency */ = {
			isa = PBXTargetDependency;
			target = TARGET_SHIELD /* Shield */;
			targetProxy = PROXY_TESTS /* PBXContainerItemProxy */;
		};
		DEP_UITESTS /* PBXTargetDependency */ = {
			isa = PBXTargetDependency;
			target = TARGET_SHIELD /* Shield */;
			targetProxy = PROXY_UITESTS /* PBXContainerItemProxy */;
		};
/* End PBXTargetDependency section */

/* Begin XCBuildConfiguration section */
		BC_EXT_DEBUG /* Debug */ = {
			isa = XCBuildConfiguration;
			buildSettings = {
				APPLICATION_EXTENSION_API_ONLY = YES;
				CODE_SIGN_ENTITLEMENTS = ShareExtension/ShareExtension.entitlements;
				CODE_SIGN_STYLE = Automatic;
				CURRENT_PROJECT_VERSION = 100202607192;
				DEVELOPMENT_TEAM = L2B56644F5;
				EXTRACT_APP_INTENTS_METADATA = NO;
				GENERATE_INFOPLIST_FILE = NO;
				INFOPLIST_FILE = ShareExtension/Info.plist;
				IPHONEOS_DEPLOYMENT_TARGET = 18.0;
				LD_RUNPATH_SEARCH_PATHS = (
					"$(inherited)",
					"@executable_path/Frameworks",
					"@executable_path/../../Frameworks",
				);
				MARKETING_VERSION = 1.0.0;
				PRODUCT_BUNDLE_IDENTIFIER = com.romerodev.shield.ShareExtension;
				PRODUCT_NAME = "$(TARGET_NAME)";
				SKIP_INSTALL = YES;
				SWIFT_DEFAULT_ACTOR_ISOLATION = MainActor;
				SWIFT_VERSION = 5.0;
				TARGETED_DEVICE_FAMILY = "1,2";
			};
			name = Debug;
		};
		BC_EXT_RELEASE /* Release */ = {
			isa = XCBuildConfiguration;
			buildSettings = {
				APPLICATION_EXTENSION_API_ONLY = YES;
				CODE_SIGN_ENTITLEMENTS = ShareExtension/ShareExtension.entitlements;
				CODE_SIGN_STYLE = Automatic;
				CURRENT_PROJECT_VERSION = 100202607192;
				DEVELOPMENT_TEAM = L2B56644F5;
				EXTRACT_APP_INTENTS_METADATA = NO;
				GENERATE_INFOPLIST_FILE = NO;
				INFOPLIST_FILE = ShareExtension/Info.plist;
				IPHONEOS_DEPLOYMENT_TARGET = 18.0;
				LD_RUNPATH_SEARCH_PATHS = (
					"$(inherited)",
					"@executable_path/Frameworks",
					"@executable_path/../../Frameworks",
				);
				MARKETING_VERSION = 1.0.0;
				PRODUCT_BUNDLE_IDENTIFIER = com.romerodev.shield.ShareExtension;
				PRODUCT_NAME = "$(TARGET_NAME)";
				SKIP_INSTALL = YES;
				SWIFT_DEFAULT_ACTOR_ISOLATION = MainActor;
				SWIFT_VERSION = 5.0;
				TARGETED_DEVICE_FAMILY = "1,2";
			};
			name = Release;
		};
		BC_PROJECT_DEBUG /* Debug */ = {
			isa = XCBuildConfiguration;
			buildSettings = {
				ALWAYS_SEARCH_USER_PATHS = NO;
				CLANG_ANALYZER_LOCALIZABILITY_NONLOCALIZED = YES;
				CLANG_ENABLE_MODULES = YES;
				CLANG_ENABLE_OBJC_ARC = YES;
				CLANG_WARN_BLOCK_CAPTURE_AUTORELEASING = YES;
				CLANG_WARN_BOOL_CONVERSION = YES;
				CLANG_WARN_COMMA = YES;
				CLANG_WARN_CONSTANT_CONVERSION = YES;
				CLANG_WARN_DEPRECATED_OBJC_IMPLEMENTATIONS = YES;
				CLANG_WARN_EMPTY_BODY = YES;
				CLANG_WARN_ENUM_CONVERSION = YES;
				CLANG_WARN_INFINITE_RECURSION = YES;
				CLANG_WARN_INT_CONVERSION = YES;
				CLANG_WARN_NON_LITERAL_NULL_CONVERSION = YES;
				CLANG_WARN_OBJC_IMPLICIT_RETAIN_SELF = YES;
				CLANG_WARN_OBJC_LITERAL_CONVERSION = YES;
				CLANG_WARN_QUOTED_INCLUDE_IN_FRAMEWORK_HEADER = YES;
				CLANG_WARN_RANGE_LOOP_ANALYSIS = YES;
				CLANG_WARN_STRICT_PROTOTYPES = YES;
				CLANG_WARN_SUSPICIOUS_MOVE = YES;
				CLANG_WARN_UNREACHABLE_CODE = YES;
				CLANG_WARN__DUPLICATE_METHOD_MATCH = YES;
				COPY_PHASE_STRIP = NO;
				DEBUG_INFORMATION_FORMAT = dwarf;
				DEVELOPMENT_TEAM = L2B56644F5;
				ENABLE_STRICT_OBJC_MSGSEND = YES;
				ENABLE_TESTABILITY = YES;
				ENABLE_USER_SCRIPT_SANDBOXING = YES;
				GCC_NO_COMMON_BLOCKS = YES;
				GCC_OPTIMIZATION_LEVEL = 0;
				GCC_PREPROCESSOR_DEFINITIONS = (
					"DEBUG=1",
					"$(inherited)",
				);
				GCC_WARN_64_TO_32_BIT_CONVERSION = YES;
				GCC_WARN_ABOUT_RETURN_TYPE = YES;
				GCC_WARN_UNDECLARED_SELECTOR = YES;
				GCC_WARN_UNINITIALIZED_AUTOS = YES;
				GCC_WARN_UNUSED_FUNCTION = YES;
				GCC_WARN_UNUSED_VARIABLE = YES;
				IPHONEOS_DEPLOYMENT_TARGET = 17.0;
				ONLY_ACTIVE_ARCH = YES;
				SDKROOT = iphoneos;
				STRING_CATALOG_GENERATE_SYMBOLS = YES;
				SWIFT_ACTIVE_COMPILATION_CONDITIONS = DEBUG;
				SWIFT_OPTIMIZATION_LEVEL = "-Onone";
			};
			name = Debug;
		};
		BC_PROJECT_RELEASE /* Release */ = {
			isa = XCBuildConfiguration;
			buildSettings = {
				ALWAYS_SEARCH_USER_PATHS = NO;
				CLANG_ANALYZER_LOCALIZABILITY_NONLOCALIZED = YES;
				CLANG_ENABLE_MODULES = YES;
				CLANG_ENABLE_OBJC_ARC = YES;
				CLANG_WARN_BLOCK_CAPTURE_AUTORELEASING = YES;
				CLANG_WARN_BOOL_CONVERSION = YES;
				CLANG_WARN_COMMA = YES;
				CLANG_WARN_CONSTANT_CONVERSION = YES;
				CLANG_WARN_DEPRECATED_OBJC_IMPLEMENTATIONS = YES;
				CLANG_WARN_EMPTY_BODY = YES;
				CLANG_WARN_ENUM_CONVERSION = YES;
				CLANG_WARN_INFINITE_RECURSION = YES;
				CLANG_WARN_INT_CONVERSION = YES;
				CLANG_WARN_NON_LITERAL_NULL_CONVERSION = YES;
				CLANG_WARN_OBJC_IMPLICIT_RETAIN_SELF = YES;
				CLANG_WARN_OBJC_LITERAL_CONVERSION = YES;
				CLANG_WARN_QUOTED_INCLUDE_IN_FRAMEWORK_HEADER = YES;
				CLANG_WARN_RANGE_LOOP_ANALYSIS = YES;
				CLANG_WARN_STRICT_PROTOTYPES = YES;
				CLANG_WARN_SUSPICIOUS_MOVE = YES;
				CLANG_WARN_UNREACHABLE_CODE = YES;
				CLANG_WARN__DUPLICATE_METHOD_MATCH = YES;
				COPY_PHASE_STRIP = NO;
				DEBUG_INFORMATION_FORMAT = "dwarf-with-dsym";
				DEVELOPMENT_TEAM = L2B56644F5;
				ENABLE_NS_ASSERTIONS = NO;
				ENABLE_STRICT_OBJC_MSGSEND = YES;
				ENABLE_USER_SCRIPT_SANDBOXING = YES;
				GCC_NO_COMMON_BLOCKS = YES;
				GCC_WARN_64_TO_32_BIT_CONVERSION = YES;
				GCC_WARN_ABOUT_RETURN_TYPE = YES;
				GCC_WARN_UNDECLARED_SELECTOR = YES;
				GCC_WARN_UNINITIALIZED_AUTOS = YES;
				GCC_WARN_UNUSED_FUNCTION = YES;
				GCC_WARN_UNUSED_VARIABLE = YES;
				IPHONEOS_DEPLOYMENT_TARGET = 17.0;
				SDKROOT = iphoneos;
				STRING_CATALOG_GENERATE_SYMBOLS = YES;
				SWIFT_COMPILATION_MODE = wholemodule;
				SWIFT_OPTIMIZATION_LEVEL = "-O";
				VALIDATE_PRODUCT = YES;
			};
			name = Release;
		};
		BC_TARGET_DEBUG /* Debug */ = {
			isa = XCBuildConfiguration;
			buildSettings = {
				ASSETCATALOG_COMPILER_APPICON_NAME = MaskID;
				ASSETCATALOG_COMPILER_GLOBAL_ACCENT_COLOR_NAME = AccentColor;
				CODE_SIGN_ENTITLEMENTS = Shield/Shield.entitlements;
				CODE_SIGN_STYLE = Automatic;
				CURRENT_PROJECT_VERSION = 100202607192;
				DEVELOPMENT_TEAM = L2B56644F5;
				ENABLE_PREVIEWS = YES;
				GENERATE_INFOPLIST_FILE = YES;
				INFOPLIST_FILE = Shield/Resources/Info.plist;
				INFOPLIST_KEY_CFBundleDisplayName = MaskID;
				INFOPLIST_KEY_ITSAppUsesNonExemptEncryption = NO;
				INFOPLIST_KEY_LSApplicationCategoryType = "public.app-category.utilities";
				INFOPLIST_KEY_NSCameraUsageDescription = "MaskID necesita la cámara para escanear documentos.";
				INFOPLIST_KEY_NSFaceIDUsageDescription = "MaskID usa Face ID para proteger tu Bóveda.";
				INFOPLIST_KEY_NSPhotoLibraryUsageDescription = "MaskID necesita acceso a Fotos para importar documentos.";
				INFOPLIST_KEY_UIApplicationSceneManifest_Generation = YES;
				INFOPLIST_KEY_UIApplicationSupportsIndirectInputEvents = YES;
				INFOPLIST_KEY_UILaunchScreen_Generation = YES;
				INFOPLIST_KEY_UISupportedInterfaceOrientations_iPad = "UIInterfaceOrientationPortrait UIInterfaceOrientationPortraitUpsideDown UIInterfaceOrientationLandscapeLeft UIInterfaceOrientationLandscapeRight";
				INFOPLIST_KEY_UISupportedInterfaceOrientations_iPhone = "UIInterfaceOrientationPortrait UIInterfaceOrientationLandscapeLeft UIInterfaceOrientationLandscapeRight";
				IPHONEOS_DEPLOYMENT_TARGET = 18.0;
				LD_RUNPATH_SEARCH_PATHS = (
					"$(inherited)",
					"@executable_path/Frameworks",
				);
				MARKETING_VERSION = 1.0.0;
				PRODUCT_BUNDLE_IDENTIFIER = com.romerodev.shield;
				PRODUCT_NAME = "$(TARGET_NAME)";
				SUPPORTED_PLATFORMS = "iphoneos iphonesimulator";
				SUPPORTS_MACCATALYST = NO;
				SWIFT_DEFAULT_ACTOR_ISOLATION = MainActor;
				SWIFT_EMIT_LOC_STRINGS = YES;
				SWIFT_VERSION = 5.0;
				TARGETED_DEVICE_FAMILY = "1,2";
			};
			name = Debug;
		};
		BC_TARGET_RELEASE /* Release */ = {
			isa = XCBuildConfiguration;
			buildSettings = {
				ASSETCATALOG_COMPILER_APPICON_NAME = MaskID;
				ASSETCATALOG_COMPILER_GLOBAL_ACCENT_COLOR_NAME = AccentColor;
				CODE_SIGN_ENTITLEMENTS = Shield/Shield.entitlements;
				CODE_SIGN_STYLE = Automatic;
				CURRENT_PROJECT_VERSION = 100202607192;
				DEVELOPMENT_TEAM = L2B56644F5;
				ENABLE_PREVIEWS = YES;
				GENERATE_INFOPLIST_FILE = YES;
				INFOPLIST_FILE = Shield/Resources/Info.plist;
				INFOPLIST_KEY_CFBundleDisplayName = MaskID;
				INFOPLIST_KEY_ITSAppUsesNonExemptEncryption = NO;
				INFOPLIST_KEY_LSApplicationCategoryType = "public.app-category.utilities";
				INFOPLIST_KEY_NSCameraUsageDescription = "MaskID necesita la cámara para escanear documentos.";
				INFOPLIST_KEY_NSFaceIDUsageDescription = "MaskID usa Face ID para proteger tu Bóveda.";
				INFOPLIST_KEY_NSPhotoLibraryUsageDescription = "MaskID necesita acceso a Fotos para importar documentos.";
				INFOPLIST_KEY_UIApplicationSceneManifest_Generation = YES;
				INFOPLIST_KEY_UIApplicationSupportsIndirectInputEvents = YES;
				INFOPLIST_KEY_UILaunchScreen_Generation = YES;
				INFOPLIST_KEY_UISupportedInterfaceOrientations_iPad = "UIInterfaceOrientationPortrait UIInterfaceOrientationPortraitUpsideDown UIInterfaceOrientationLandscapeLeft UIInterfaceOrientationLandscapeRight";
				INFOPLIST_KEY_UISupportedInterfaceOrientations_iPhone = "UIInterfaceOrientationPortrait UIInterfaceOrientationLandscapeLeft UIInterfaceOrientationLandscapeRight";
				IPHONEOS_DEPLOYMENT_TARGET = 18.0;
				LD_RUNPATH_SEARCH_PATHS = (
					"$(inherited)",
					"@executable_path/Frameworks",
				);
				MARKETING_VERSION = 1.0.0;
				PRODUCT_BUNDLE_IDENTIFIER = com.romerodev.shield;
				PRODUCT_NAME = "$(TARGET_NAME)";
				SUPPORTED_PLATFORMS = "iphoneos iphonesimulator";
				SUPPORTS_MACCATALYST = NO;
				SWIFT_DEFAULT_ACTOR_ISOLATION = MainActor;
				SWIFT_EMIT_LOC_STRINGS = YES;
				SWIFT_VERSION = 5.0;
				TARGETED_DEVICE_FAMILY = "1,2";
			};
			name = Release;
		};
		BC_TEST_DEBUG /* Debug */ = {
			isa = XCBuildConfiguration;
			buildSettings = {
				BUNDLE_LOADER = "$(TEST_HOST)";
				CODE_SIGN_STYLE = Automatic;
				DEVELOPMENT_TEAM = L2B56644F5;
				GENERATE_INFOPLIST_FILE = YES;
				IPHONEOS_DEPLOYMENT_TARGET = 18.0;
				PRODUCT_BUNDLE_IDENTIFIER = com.romerodev.shield.tests;
				PRODUCT_NAME = "$(TARGET_NAME)";
				SWIFT_DEFAULT_ACTOR_ISOLATION = MainActor;
				SWIFT_VERSION = 5.0;
				TARGETED_DEVICE_FAMILY = "1,2";
				TEST_HOST = "$(BUILT_PRODUCTS_DIR)/Shield.app/$(BUNDLE_EXECUTABLE_FOLDER_PATH)/Shield";
			};
			name = Debug;
		};
		BC_TEST_RELEASE /* Release */ = {
			isa = XCBuildConfiguration;
			buildSettings = {
				BUNDLE_LOADER = "$(TEST_HOST)";
				CODE_SIGN_STYLE = Automatic;
				DEVELOPMENT_TEAM = L2B56644F5;
				GENERATE_INFOPLIST_FILE = YES;
				IPHONEOS_DEPLOYMENT_TARGET = 18.0;
				PRODUCT_BUNDLE_IDENTIFIER = com.romerodev.shield.tests;
				PRODUCT_NAME = "$(TARGET_NAME)";
				SWIFT_DEFAULT_ACTOR_ISOLATION = MainActor;
				SWIFT_VERSION = 5.0;
				TARGETED_DEVICE_FAMILY = "1,2";
				TEST_HOST = "$(BUILT_PRODUCTS_DIR)/Shield.app/$(BUNDLE_EXECUTABLE_FOLDER_PATH)/Shield";
			};
			name = Release;
		};
		BC_UITEST_DEBUG /* Debug */ = {
			isa = XCBuildConfiguration;
			buildSettings = {
				CODE_SIGN_STYLE = Automatic;
				DEVELOPMENT_TEAM = L2B56644F5;
				GENERATE_INFOPLIST_FILE = YES;
				IPHONEOS_DEPLOYMENT_TARGET = 18.0;
				PRODUCT_BUNDLE_IDENTIFIER = com.romerodev.shield.uitests;
				PRODUCT_NAME = "$(TARGET_NAME)";
				SWIFT_VERSION = 5.0;
				TARGETED_DEVICE_FAMILY = "1,2";
				TEST_TARGET_NAME = Shield;
			};
			name = Debug;
		};
		BC_UITEST_RELEASE /* Release */ = {
			isa = XCBuildConfiguration;
			buildSettings = {
				CODE_SIGN_STYLE = Automatic;
				DEVELOPMENT_TEAM = L2B56644F5;
				GENERATE_INFOPLIST_FILE = YES;
				IPHONEOS_DEPLOYMENT_TARGET = 18.0;
				PRODUCT_BUNDLE_IDENTIFIER = com.romerodev.shield.uitests;
				PRODUCT_NAME = "$(TARGET_NAME)";
				SWIFT_VERSION = 5.0;
				TARGETED_DEVICE_FAMILY = "1,2";
				TEST_TARGET_NAME = Shield;
			};
			name = Release;
		};
/* End XCBuildConfiguration section */

/* Begin XCConfigurationList section */
		BCLST_PROJECT /* Build configuration list for PBXProject "Shield" */ = {
			isa = XCConfigurationList;
			buildConfigurations = (
				BC_PROJECT_DEBUG /* Debug */,
				BC_PROJECT_RELEASE /* Release */,
			);
			defaultConfigurationIsVisible = 0;
			defaultConfigurationName = Release;
		};
		BCLST_SHARE_EXTENSION /* Build configuration list for PBXNativeTarget "ShieldShareExtension" */ = {
			isa = XCConfigurationList;
			buildConfigurations = (
				BC_EXT_DEBUG /* Debug */,
				BC_EXT_RELEASE /* Release */,
			);
			defaultConfigurationIsVisible = 0;
			defaultConfigurationName = Release;
		};
		BCLST_TARGET /* Build configuration list for PBXNativeTarget "Shield" */ = {
			isa = XCConfigurationList;
			buildConfigurations = (
				BC_TARGET_DEBUG /* Debug */,
				BC_TARGET_RELEASE /* Release */,
			);
			defaultConfigurationIsVisible = 0;
			defaultConfigurationName = Release;
		};
		BCLST_TESTS /* Build configuration list for PBXNativeTarget "ShieldTests" */ = {
			isa = XCConfigurationList;
			buildConfigurations = (
				BC_TEST_DEBUG /* Debug */,
				BC_TEST_RELEASE /* Release */,
			);
			defaultConfigurationIsVisible = 0;
			defaultConfigurationName = Release;
		};
		BCLST_UITESTS /* Build configuration list for PBXNativeTarget "ShieldUITests" */ = {
			isa = XCConfigurationList;
			buildConfigurations = (
				BC_UITEST_DEBUG /* Debug */,
				BC_UITEST_RELEASE /* Release */,
			);
			defaultConfigurationIsVisible = 0;
			defaultConfigurationName = Release;
		};
/* End XCConfigurationList section */
	};
	rootObject = PROJ /* Project object */;
}
